# This file is automatically @generated by Cargo.
# It is not intended for manual editing.
version = 3

[[package]]
name = "autocfg"
version = "1.0.1"
source = "registry+https://github.com/rust-lang/crates.io-index"
checksum = "cdb031dd78e28731d87d56cc8ffef4a8f36ca26c38fe2de700543e627f8a464a"

[[package]]
name = "num-traits"
version = "0.2.14"
source = "registry+https://github.com/rust-lang/crates.io-index"
checksum = "9a64b1ec5cda2586e284722486d802acf1f7dbdc623e2bfc57e65ca1cd099290"
dependencies = [
 "autocfg",
]

[[package]]
name = "once_cell"
version = "1.8.0"
source = "registry+https://github.com/rust-lang/crates.io-index"
checksum = "692fcb63b64b1758029e0a96ee63e049ce8c5948587f2f7208df04625e5f6b56"

[[package]]
name = "ordered-float"
version = "2.8.0"
source = "registry+https://github.com/rust-lang/crates.io-index"
checksum = "97c9d06878b3a851e8026ef94bf7fef9ba93062cd412601da4d9cf369b1cc62d"
dependencies = [
 "num-traits",
]

[[package]]
name = "qcell"
version = "0.4.3"
source = "registry+https://github.com/rust-lang/crates.io-index"
checksum = "2e2b4c7d8d615d32bb11eb895985dab6a136958fb35cbc46d44c2b7efee8ba9a"
dependencies = [
 "once_cell",
]

[[package]]
name = "rilox"
version = "0.1.0"
dependencies = [
 "ordered-float",
 "qcell",
 "rustc-hash",
]

[[package]]
name = "rustc-hash"
version = "1.1.0"
source = "registry+https://github.com/rust-lang/crates.io-index"
checksum = "08d43f7aa6b08d49f382cde6a7982047c3426db949b1424bc4b7ec9ae12c6ce2"
